
Microsoft Visual Studio Solution File, Format Version 12.00
# Visual Studio Version 16
VisualStudioVersion = 16.0.31624.102
MinimumVisualStudioVersion = 10.0.40219.1
Project("{9A19103F-16F7-4668-BE54-9A1E7A4F7556}") = "ChartApp", "ChartApp.csproj", "{71346CA0-1798-46ED-AAC5-D5C8979FB3CA}"
EndProject
Global
	GlobalSection(SolutionConfigurationPlatforms) = preSolution
		Debug|Any CPU = Debug|Any CPU
		Release|Any CPU = Release|Any CPU
	EndGlobalSection
	GlobalSection(ProjectConfigurationPlatforms) = postSolution
		{71346CA0-1798-46ED-AAC5-D5C8979FB3CA}.Debug|Any CPU.ActiveCfg = Debug|Any CPU
		{71346CA0-1798-46ED-AAC5-D5C8979FB3CA}.Debug|Any CPU.Build.0 = Debug|Any CPU
		{71346CA0-1798-46ED-AAC5-D5C8979FB3CA}.Release|Any CPU.ActiveCfg = Release|Any CPU
		{71346CA0-1798-46ED-AAC5-D5C8979FB3CA}.Release|Any CPU.Build.0 = Release|Any CPU
	EndGlobalSection
	GlobalSection(SolutionProperties) = preSolution
		HideSolutionNode = FALSE
	EndGlobalSection
	GlobalSection(ExtensibilityGlobals) = postSolution
		SolutionGuid = {E3793EFB-BF3F-43E8-8DBA-8BC1AD4F8672}
	EndGlobalSection
EndGlobal
